// !$*UTF8*$!
{
	archiveVersion = 1;
	classes = {
	};
	objectVersion = 46;
	objects = {

/* Begin PBXBuildFile section */
		4859F1A118B75DFE004C31F8 /* BViewController.m in Sources */ = {isa = PBXBuildFile; fileRef = 4859F19F18B75DFE004C31F8 /* BViewController.m */; };
		4859F1A218B75DFE004C31F8 /* BViewController.xib in Resources */ = {isa = PBXBuildFile; fileRef = 4859F1A018B75DFE004C31F8 /* BViewController.xib */; };
		486D58C918BDE5820002ADC8 /* UIOverlayViewController.m in Sources */ = {isa = PBXBuildFile; fileRef = 486D58C818BDE5820002ADC8 /* UIOverlayViewController.m */; };
		48D0259318B614FB00F331AA /* Foundation.framework in Frameworks */ = {isa = PBXBuildFile; fileRef = 48D0259218B614FB00F331AA /* Foundation.framework */; };
		48D0259518B614FB00F331AA /* CoreGraphics.framework in Frameworks */ = {isa = PBXBuildFile; fileRef = 48D0259418B614FB00F331AA /* CoreGraphics.framework */; };
		48D0259718B614FB00F331AA /* UIKit.framework in Frameworks */ = {isa = PBXBuildFile; fileRef = 48D0259618B614FB00F331AA /* UIKit.framework */; };
		48D0259D18B614FB00F331AA /* InfoPlist.strings in Resources */ = {isa = PBXBuildFile; fileRef = 48D0259B18B614FB00F331AA /* InfoPlist.strings */; };
		48D0259F18B614FB00F331AA /* main.m in Sources */ = {isa = PBXBuildFile; fileRef = 48D0259E18B614FB00F331AA /* main.m */; };
		48D025A318B614FB00F331AA /* AppDelegate.m in Sources */ = {isa = PBXBuildFile; fileRef = 48D025A218B614FB00F331AA /* AppDelegate.m */; };
		48D025A518B614FB00F331AA /* Images.xcassets in Resources */ = {isa = PBXBuildFile; fileRef = 48D025A418B614FB00F331AA /* Images.xcassets */; };
		48D025AC18B614FB00F331AA /* XCTest.framework in Frameworks */ = {isa = PBXBuildFile; fileRef = 48D025AB18B614FB00F331AA /* XCTest.framework */; };
		48D025AD18B614FB00F331AA /* Foundation.framework in Frameworks */ = {isa = PBXBuildFile; fileRef = 48D0259218B614FB00F331AA /* Foundation.framework */; };
		48D025AE18B614FB00F331AA /* UIKit.framework in Frameworks */ = {isa = PBXBuildFile; fileRef = 48D0259618B614FB00F331AA /* UIKit.framework */; };
		48D025B618B614FB00F331AA /* InfoPlist.strings in Resources */ = {isa = PBXBuildFile; fileRef = 48D025B418B614FB00F331AA /* InfoPlist.strings */; };
		48D025B818B614FB00F331AA /* UICustomNavigationControllerTests.m in Sources */ = {isa = PBXBuildFile; fileRef = 48D025B718B614FB00F331AA /* UICustomNavigationControllerTests.m */; };
		48D025C318B6151400F331AA /* UICustomNavigationController.m in Sources */ = {isa = PBXBuildFile; fileRef = 48D025C218B6151400F331AA /* UICustomNavigationController.m */; };
		48D025C718B61A2300F331AA /* AViewController.m in Sources */ = {isa = PBXBuildFile; fileRef = 48D025C518B61A2300F331AA /* AViewController.m */; };
		48D025C818B61A2300F331AA /* AViewController.xib in Resources */ = {isa = PBXBuildFile; fileRef = 48D025C618B61A2300F331AA /* AViewController.xib */; };
		48D025CA18B61D3800F331AA /* welcome-background@2x.png in Resources */ = {isa = PBXBuildFile; fileRef = 48D025C918B61D3800F331AA /* welcome-background@2x.png */; };
/* End PBXBuildFile section */

/* Begin PBXContainerItemProxy section */
		48D025AF18B614FB00F331AA /* PBXContainerItemProxy */ = {
			isa = PBXContainerItemProxy;
			containerPortal = 48D0258718B614FB00F331AA /* Project object */;
			proxyType = 1;
			remoteGlobalIDString = 48D0258E18B614FB00F331AA;
			remoteInfo = UICustomNavigationController;
		};
/* End PBXContainerItemProxy section */

/* Begin PBXFileReference section */
		4859F19E18B75DFE004C31F8 /* BViewController.h */ = {isa = PBXFileReference; fileEncoding = 4; lastKnownFileType = sourcecode.c.h; path = BViewController.h; sourceTree = "<group>"; };
		4859F19F18B75DFE004C31F8 /* BViewController.m */ = {isa = PBXFileReference; fileEncoding = 4; lastKnownFileType = sourcecode.c.objc; path = BViewController.m; sourceTree = "<group>"; };
		4859F1A018B75DFE004C31F8 /* BViewController.xib */ = {isa = PBXFileReference; fileEncoding = 4; lastKnownFileType = file.xib; path = BViewController.xib; sourceTree = "<group>"; };
		486D58C718BDE5820002ADC8 /* UIOverlayViewController.h */ = {isa = PBXFileReference; fileEncoding = 4; lastKnownFileType = sourcecode.c.h; path = UIOverlayViewController.h; sourceTree = "<group>"; };
		486D58C818BDE5820002ADC8 /* UIOverlayViewController.m */ = {isa = PBXFileReference; fileEncoding = 4; lastKnownFileType = sourcecode.c.objc; path = UIOverlayViewController.m; sourceTree = "<group>"; };
		48D0258F18B614FB00F331AA /* UICustomNavigationController.app */ = {isa = PBXFileReference; explicitFileType = wrapper.application; includeInIndex = 0; path = UICustomNavigationController.app; sourceTree = BUILT_PRODUCTS_DIR; };
		48D0259218B614FB00F331AA /* Foundation.framework */ = {isa = PBXFileReference; lastKnownFileType = wrapper.framework; name = Foundation.framework; path = System/Library/Frameworks/Foundation.framework; sourceTree = SDKROOT; };
		48D0259418B614FB00F331AA /* CoreGraphics.framework */ = {isa = PBXFileReference; lastKnownFileType = wrapper.framework; name = CoreGraphics.framework; path = System/Library/Frameworks/CoreGraphics.framework; sourceTree = SDKROOT; };
		48D0259618B614FB00F331AA /* UIKit.framework */ = {isa = PBXFileReference; lastKnownFileType = wrapper.framework; name = UIKit.framework; path = System/Library/Frameworks/UIKit.framework; sourceTree = SDKROOT; };
		48D0259A18B614FB00F331AA /* UICustomNavigationController-Info.plist */ = {isa = PBXFileReference; lastKnownFileType = text.plist.xml; path = "UICustomNavigationController-Info.plist"; sourceTree = "<group>"; };
		48D0259C18B614FB00F331AA /* en */ = {isa = PBXFileReference; lastKnownFileType = text.plist.strings; name = en; path = en.lproj/InfoPlist.strings; sourceTree = "<group>"; };
		48D0259E18B614FB00F331AA /* main.m */ = {isa = PBXFileReference; lastKnownFileType = sourcecode.c.objc; path = main.m; sourceTree = "<group>"; };
		48D025A018B614FB00F331AA /* UICustomNavigationController-Prefix.pch */ = {isa = PBXFileReference; lastKnownFileType = sourcecode.c.h; path = "UICustomNavigationController-Prefix.pch"; sourceTree = "<group>"; };
		48D025A118B614FB00F331AA /* AppDelegate.h */ = {isa = PBXFileReference; lastKnownFileType = sourcecode.c.h; path = AppDelegate.h; sourceTree = "<group>"; };
		48D025A218B614FB00F331AA /* AppDelegate.m */ = {isa = PBXFileReference; lastKnownFileType = sourcecode.c.objc; path = AppDelegate.m; sourceTree = "<group>"; };
		48D025A418B614FB00F331AA /* Images.xcassets */ = {isa = PBXFileReference; lastKnownFileType = folder.assetcatalog; path = Images.xcassets; sourceTree = "<group>"; };
		48D025AA18B614FB00F331AA /* UICustomNavigationControllerTests.xctest */ = {isa = PBXFileReference; explicitFileType = wrapper.cfbundle; includeInIndex = 0; path = UICustomNavigationControllerTests.xctest; sourceTree = BUILT_PRODUCTS_DIR; };
		48D025AB18B614FB00F331AA /* XCTest.framework */ = {isa = PBXFileReference; lastKnownFileType = wrapper.framework; name = XCTest.framework; path = Library/Frameworks/XCTest.framework; sourceTree = DEVELOPER_DIR; };
		48D025B318B614FB00F331AA /* UICustomNavigationControllerTests-Info.plist */ = {isa = PBXFileReference; lastKnownFileType = text.plist.xml; path = "UICustomNavigationControllerTests-Info.plist"; sourceTree = "<group>"; };
		48D025B518B614FB00F331AA /* en */ = {isa = PBXFileReference; lastKnownFileType = text.plist.strings; name = en; path = en.lproj/InfoPlist.strings; sourceTree = "<group>"; };
		48D025B718B614FB00F331AA /* UICustomNavigationControllerTests.m */ = {isa = PBXFileReference; lastKnownFileType = sourcecode.c.objc; path = UICustomNavigationControllerTests.m; sourceTree = "<group>"; };
		48D025C118B6151400F331AA /* UICustomNavigationController.h */ = {isa = PBXFileReference; fileEncoding = 4; lastKnownFileType = sourcecode.c.h; path = UICustomNavigationController.h; sourceTree = "<group>"; };
		48D025C218B6151400F331AA /* UICustomNavigationController.m */ = {isa = PBXFileReference; fileEncoding = 4; lastKnownFileType = sourcecode.c.objc; path = UICustomNavigationController.m; sourceTree = "<group>"; };
		48D025C418B61A2300F331AA /* AViewController.h */ = {isa = PBXFileReference; fileEncoding = 4; lastKnownFileType = sourcecode.c.h; path = AViewController.h; sourceTree = "<group>"; };
		48D025C518B61A2300F331AA /* AViewController.m */ = {isa = PBXFileReference; fileEncoding = 4; lastKnownFileType = sourcecode.c.objc; path = AViewController.m; sourceTree = "<group>"; };
		48D025C618B61A2300F331AA /* AViewController.xib */ = {isa = PBXFileReference; fileEncoding = 4; lastKnownFileType = file.xib; path = AViewController.xib; sourceTree = "<group>"; };
		48D025C918B61D3800F331AA /* welcome-background@2x.png */ = {isa = PBXFileReference; lastKnownFileType = image.png; path = "welcome-background@2x.png"; sourceTree = "<group>"; };
/* End PBXFileReference section */

/* Begin PBXFrameworksBuildPhase section */
		48D0258C18B614FB00F331AA /* Frameworks */ = {
			isa = PBXFrameworksBuildPhase;
			buildActionMask = 2147483647;
			files = (
				48D0259518B614FB00F331AA /* CoreGraphics.framework in Frameworks */,
				48D0259718B614FB00F331AA /* UIKit.framework in Frameworks */,
				48D0259318B614FB00F331AA /* Foundation.framework in Frameworks */,
			);
			runOnlyForDeploymentPostprocessing = 0;
		};
		48D025A718B614FB00F331AA /* Frameworks */ = {
			isa = PBXFrameworksBuildPhase;
			buildActionMask = 2147483647;
			files = (
				48D025AC18B614FB00F331AA /* XCTest.framework in Frameworks */,
				48D025AE18B614FB00F331AA /* UIKit.framework in Frameworks */,
				48D025AD18B614FB00F331AA /* Foundation.framework in Frameworks */,
			);
			runOnlyForDeploymentPostprocessing = 0;
		};
/* End PBXFrameworksBuildPhase section */

/* Begin PBXGroup section */
		48D0258618B614FB00F331AA = {
			isa = PBXGroup;
			children = (
				48D0259818B614FB00F331AA /* UICustomNavigationController */,
				48D025B118B614FB00F331AA /* UICustomNavigationControllerTests */,
				48D0259118B614FB00F331AA /* Frameworks */,
				48D0259018B614FB00F331AA /* Products */,
			);
			sourceTree = "<group>";
		};
		48D0259018B614FB00F331AA /* Products */ = {
			isa = PBXGroup;
			children = (
				48D0258F18B614FB00F331AA /* UICustomNavigationController.app */,
				48D025AA18B614FB00F331AA /* UICustomNavigationControllerTests.xctest */,
			);
			name = Products;
			sourceTree = "<group>";
		};
		48D0259118B614FB00F331AA /* Frameworks */ = {
			isa = PBXGroup;
			children = (
				48D0259218B614FB00F331AA /* Foundation.framework */,
				48D0259418B614FB00F331AA /* CoreGraphics.framework */,
				48D0259618B614FB00F331AA /* UIKit.framework */,
				48D025AB18B614FB00F331AA /* XCTest.framework */,
			);
			name = Frameworks;
			sourceTree = "<group>";
		};
		48D0259818B614FB00F331AA /* UICustomNavigationController */ = {
			isa = PBXGroup;
			children = (
				48D025A118B614FB00F331AA /* AppDelegate.h */,
				48D025A218B614FB00F331AA /* AppDelegate.m */,
				48D025A418B614FB00F331AA /* Images.xcassets */,
				48D0259918B614FB00F331AA /* Supporting Files */,
				48D025C918B61D3800F331AA /* welcome-background@2x.png */,
				48D025C118B6151400F331AA /* UICustomNavigationController.h */,
				48D025C218B6151400F331AA /* UICustomNavigationController.m */,
				48D025C418B61A2300F331AA /* AViewController.h */,
				48D025C518B61A2300F331AA /* AViewController.m */,
				48D025C618B61A2300F331AA /* AViewController.xib */,
				4859F19E18B75DFE004C31F8 /* BViewController.h */,
				4859F19F18B75DFE004C31F8 /* BViewController.m */,
				4859F1A018B75DFE004C31F8 /* BViewController.xib */,
				486D58C718BDE5820002ADC8 /* UIOverlayViewController.h */,
				486D58C818BDE5820002ADC8 /* UIOverlayViewController.m */,
			);
			path = UICustomNavigationController;
			sourceTree = "<group>";
		};
		48D0259918B614FB00F331AA /* Supporting Files */ = {
			isa = PBXGroup;
			children = (
				48D0259A18B614FB00F331AA /* UICustomNavigationController-Info.plist */,
				48D0259B18B614FB00F331AA /* InfoPlist.strings */,
				48D0259E18B614FB00F331AA /* main.m */,
				48D025A018B614FB00F331AA /* UICustomNavigationController-Prefix.pch */,
			);
			name = "Supporting Files";
			sourceTree = "<group>";
		};
		48D025B118B614FB00F331AA /* UICustomNavigationControllerTests */ = {
			isa = PBXGroup;
			children = (
				48D025B718B614FB00F331AA /* UICustomNavigationControllerTests.m */,
				48D025B218B614FB00F331AA /* Supporting Files */,
			);
			path = UICustomNavigationControllerTests;
			sourceTree = "<group>";
		};
		48D025B218B614FB00F331AA /* Supporting Files */ = {
			isa = PBXGroup;
			children = (
				48D025B318B614FB00F331AA /* UICustomNavigationControllerTests-Info.plist */,
				48D025B418B614FB00F331AA /* InfoPlist.strings */,
			);
			name = "Supporting Files";
			sourceTree = "<group>";
		};
/* End PBXGroup section */

/* Begin PBXNativeTarget section */
		48D0258E18B614FB00F331AA /* UICustomNavigationController */ = {
			isa = PBXNativeTarget;
			buildConfigurationList = 48D025BB18B614FB00F331AA /* Build configuration list for PBXNativeTarget "UICustomNavigationController" */;
			buildPhases = (
				48D0258B18B614FB00F331AA /* Sources */,
				48D0258C18B614FB00F331AA /* Frameworks */,
				48D0258D18B614FB00F331AA /* Resources */,
			);
			buildRules = (
			);
			dependencies = (
			);
			name = UICustomNavigationController;
			productName = UICustomNavigationController;
			productReference = 48D0258F18B614FB00F331AA /* UICustomNavigationController.app */;
			productType = "com.apple.product-type.application";
		};
		48D025A918B614FB00F331AA /* UICustomNavigationControllerTests */ = {
			isa = PBXNativeTarget;
			buildConfigurationList = 48D025BE18B614FB00F331AA /* Build configuration list for PBXNativeTarget "UICustomNavigationControllerTests" */;
			buildPhases = (
				48D025A618B614FB00F331AA /* Sources */,
				48D025A718B614FB00F331AA /* Frameworks */,
				48D025A818B614FB00F331AA /* Resources */,
			);
			buildRules = (
			);
			dependencies = (
				48D025B018B614FB00F331AA /* PBXTargetDependency */,
			);
			name = UICustomNavigationControllerTests;
			productName = UICustomNavigationControllerTests;
			productReference = 48D025AA18B614FB00F331AA /* UICustomNavigationControllerTests.xctest */;
			productType = "com.apple.product-type.bundle.unit-test";
		};
/* End PBXNativeTarget section */

/* Begin PBXProject section */
		48D0258718B614FB00F331AA /* Project object */ = {
			isa = PBXProject;
			attributes = {
				LastUpgradeCheck = 0500;
				ORGANIZATIONNAME = "Ulhas Mandrawadkar";
				TargetAttributes = {
					48D025A918B614FB00F331AA = {
						TestTargetID = 48D0258E18B614FB00F331AA;
					};
				};
			};
			buildConfigurationList = 48D0258A18B614FB00F331AA /* Build configuration list for PBXProject "UICustomNavigationController" */;
			compatibilityVersion = "Xcode 3.2";
			developmentRegion = English;
			hasScannedForEncodings = 0;
			knownRegions = (
				en,
			);
			mainGroup = 48D0258618B614FB00F331AA;
			productRefGroup = 48D0259018B614FB00F331AA /* Products */;
			projectDirPath = "";
			projectRoot = "";
			targets = (
				48D0258E18B614FB00F331AA /* UICustomNavigationController */,
				48D025A918B614FB00F331AA /* UICustomNavigationControllerTests */,
			);
		};
/* End PBXProject section */

/* Begin PBXResourcesBuildPhase section */
		48D0258D18B614FB00F331AA /* Resources */ = {
			isa = PBXResourcesBuildPhase;
			buildActionMask = 2147483647;
			files = (
				4859F1A218B75DFE004C31F8 /* BViewController.xib in Resources */,
				48D025C818B61A2300F331AA /* AViewController.xib in Resources */,
				48D0259D18B614FB00F331AA /* InfoPlist.strings in Resources */,
				48D025A518B614FB00F331AA /* Images.xcassets in Resources */,
				48D025CA18B61D3800F331AA /* welcome-background@2x.png in Resources */,
			);
			runOnlyForDeploymentPostprocessing = 0;
		};
		48D025A818B614FB00F331AA /* Resources */ = {
			isa = PBXResourcesBuildPhase;
			buildActionMask = 2147483647;
			files = (
				48D025B618B614FB00F331AA /* InfoPlist.strings in Resources */,
			);
			runOnlyForDeploymentPostprocessing = 0;
		};
/* End PBXResourcesBuildPhase section */

/* Begin PBXSourcesBuildPhase section */
		48D0258B18B614FB00F331AA /* Sources */ = {
			isa = PBXSourcesBuildPhase;
			buildActionMask = 2147483647;
			files = (
				48D025C718B61A2300F331AA /* AViewController.m in Sources */,
				48D025A318B614FB00F331AA /* AppDelegate.m in Sources */,
				48D0259F18B614FB00F331AA /* main.m in Sources */,
				4859F1A118B75DFE004C31F8 /* BViewController.m in Sources */,
				48D025C318B6151400F331AA /* UICustomNavigationController.m in Sources */,
				486D58C918BDE5820002ADC8 /* UIOverlayViewController.m in Sources */,
			);
			runOnlyForDeploymentPostprocessing = 0;
		};
		48D025A618B614FB00F331AA /* Sources */ = {
			isa = PBXSourcesBuildPhase;
			buildActionMask = 2147483647;
			files = (
				48D025B818B614FB00F331AA /* UICustomNavigationControllerTests.m in Sources */,
			);
			runOnlyForDeploymentPostprocessing = 0;
		};
/* End PBXSourcesBuildPhase section */

/* Begin PBXTargetDependency section */
		48D025B018B614FB00F331AA /* PBXTargetDependency */ = {
			isa = PBXTargetDependency;
			target = 48D0258E18B614FB00F331AA /* UICustomNavigationController */;
			targetProxy = 48D025AF18B614FB00F331AA /* PBXContainerItemProxy */;
		};
/* End PBXTargetDependency section */

/* Begin PBXVariantGroup section */
		48D0259B18B614FB00F331AA /* InfoPlist.strings */ = {
			isa = PBXVariantGroup;
			children = (
				48D0259C18B614FB00F331AA /* en */,
			);
			name = InfoPlist.strings;
			sourceTree = "<group>";
		};
		48D025B418B614FB00F331AA /* InfoPlist.strings */ = {
			isa = PBXVariantGroup;
			children = (
				48D025B518B614FB00F331AA /* en */,
			);
			name = InfoPlist.strings;
			sourceTree = "<group>";
		};
/* End PBXVariantGroup section */

/* Begin XCBuildConfiguration section */
		48D025B918B614FB00F331AA /* Debug */ = {
			isa = XCBuildConfiguration;
			buildSettings = {
				ALWAYS_SEARCH_USER_PATHS = NO;
				ARCHS = "$(ARCHS_STANDARD_INCLUDING_64_BIT)";
				CLANG_CXX_LANGUAGE_STANDARD = "gnu++0x";
				CLANG_CXX_LIBRARY = "libc++";
				CLANG_ENABLE_MODULES = YES;
				CLANG_ENABLE_OBJC_ARC = YES;
				CLANG_WARN_BOOL_CONVERSION = YES;
				CLANG_WARN_CONSTANT_CONVERSION = YES;
				CLANG_WARN_DIRECT_OBJC_ISA_USAGE = YES_ERROR;
				CLANG_WARN_EMPTY_BODY = YES;
				CLANG_WARN_ENUM_CONVERSION = YES;
				CLANG_WARN_INT_CONVERSION = YES;
				CLANG_WARN_OBJC_ROOT_CLASS = YES_ERROR;
				CLANG_WARN__DUPLICATE_METHOD_MATCH = YES;
				"CODE_SIGN_IDENTITY[sdk=iphoneos*]" = "iPhone Developer";
				COPY_PHASE_STRIP = NO;
				GCC_C_LANGUAGE_STANDARD = gnu99;
				GCC_DYNAMIC_NO_PIC = NO;
				GCC_OPTIMIZATION_LEVEL = 0;
				GCC_PREPROCESSOR_DEFINITIONS = (
					"DEBUG=1",
					"$(inherited)",
				);
				GCC_SYMBOLS_PRIVATE_EXTERN = NO;
				GCC_WARN_64_TO_32_BIT_CONVERSION = YES;
				GCC_WARN_ABOUT_RETURN_TYPE = YES_ERROR;
				GCC_WARN_UNDECLARED_SELECTOR = YES;
				GCC_WARN_UNINITIALIZED_AUTOS = YES;
				GCC_WARN_UNUSED_FUNCTION = YES;
				GCC_WARN_UNUSED_VARIABLE = YES;
				IPHONEOS_DEPLOYMENT_TARGET = 7.0;
				ONLY_ACTIVE_ARCH = YES;
				SDKROOT = iphoneos;
			};
			name = Debug;
		};
		48D025BA18B614FB00F331AA /* Release */ = {
			isa = XCBuildConfiguration;
			buildSettings = {
				ALWAYS_SEARCH_USER_PATHS = NO;
				ARCHS = "$(ARCHS_STANDARD_INCLUDING_64_BIT)";
				CLANG_CXX_LANGUAGE_STANDARD = "gnu++0x";
				CLANG_CXX_LIBRARY = "libc++";
				CLANG_ENABLE_MODULES = YES;
				CLANG_ENABLE_OBJC_ARC = YES;
				CLANG_WARN_BOOL_CONVERSION = YES;
				CLANG_WARN_CONSTANT_CONVERSION = YES;
				CLANG_WARN_DIRECT_OBJC_ISA_USAGE = YES_ERROR;
				CLANG_WARN_EMPTY_BODY = YES;
				CLANG_WARN_ENUM_CONVERSION = YES;
				CLANG_WARN_INT_CONVERSION = YES;
				CLANG_WARN_OBJC_ROOT_CLASS = YES_ERROR;
				CLANG_WARN__DUPLICATE_METHOD_MATCH = YES;
				"CODE_SIGN_IDENTITY[sdk=iphoneos*]" = "iPhone Developer";
				COPY_PHASE_STRIP = YES;
				ENABLE_NS_ASSERTIONS = NO;
				GCC_C_LANGUAGE_STANDARD = gnu99;
				GCC_WARN_64_TO_32_BIT_CONVERSION = YES;
				GCC_WARN_ABOUT_RETURN_TYPE = YES_ERROR;
				GCC_WARN_UNDECLARED_SELECTOR = YES;
				GCC_WARN_UNINITIALIZED_AUTOS = YES;
				GCC_WARN_UNUSED_FUNCTION = YES;
				GCC_WARN_UNUSED_VARIABLE = YES;
				IPHONEOS_DEPLOYMENT_TARGET = 7.0;
				SDKROOT = iphoneos;
				VALIDATE_PRODUCT = YES;
			};
			name = Release;
		};
		48D025BC18B614FB00F331AA /* Debug */ = {
			isa = XCBuildConfiguration;
			buildSettings = {
				ASSETCATALOG_COMPILER_APPICON_NAME = AppIcon;
				ASSETCATALOG_COMPILER_LAUNCHIMAGE_NAME = LaunchImage;
				GCC_PRECOMPILE_PREFIX_HEADER = YES;
				GCC_PREFIX_HEADER = "UICustomNavigationController/UICustomNavigationController-Prefix.pch";
				INFOPLIST_FILE = "UICustomNavigationController/UICustomNavigationController-Info.plist";
				PRODUCT_NAME = "$(TARGET_NAME)";
				WRAPPER_EXTENSION = app;
			};
			name = Debug;
		};
		48D025BD18B614FB00F331AA /* Release */ = {
			isa = XCBuildConfiguration;
			buildSettings = {
				ASSETCATALOG_COMPILER_APPICON_NAME = AppIcon;
				ASSETCATALOG_COMPILER_LAUNCHIMAGE_NAME = LaunchImage;
				GCC_PRECOMPILE_PREFIX_HEADER = YES;
				GCC_PREFIX_HEADER = "UICustomNavigationController/UICustomNavigationController-Prefix.pch";
				INFOPLIST_FILE = "UICustomNavigationController/UICustomNavigationController-Info.plist";
				PRODUCT_NAME = "$(TARGET_NAME)";
				WRAPPER_EXTENSION = app;
			};
			name = Release;
		};
		48D025BF18B614FB00F331AA /* Debug */ = {
			isa = XCBuildConfiguration;
			buildSettings = {
				ARCHS = "$(ARCHS_STANDARD_INCLUDING_64_BIT)";
				BUNDLE_LOADER = "$(BUILT_PRODUCTS_DIR)/UICustomNavigationController.app/UICustomNavigationController";
				FRAMEWORK_SEARCH_PATHS = (
					"$(SDKROOT)/Developer/Library/Frameworks",
					"$(inherited)",
					"$(DEVELOPER_FRAMEWORKS_DIR)",
				);
				GCC_PRECOMPILE_PREFIX_HEADER = YES;
				GCC_PREFIX_HEADER = "UICustomNavigationController/UICustomNavigationController-Prefix.pch";
				GCC_PREPROCESSOR_DEFINITIONS = (
					"DEBUG=1",
					"$(inherited)",
				);
				INFOPLIST_FILE = "UICustomNavigationControllerTests/UICustomNavigationControllerTests-Info.plist";
				PRODUCT_NAME = "$(TARGET_NAME)";
				TEST_HOST = "$(BUNDLE_LOADER)";
				WRAPPER_EXTENSION = xctest;
			};
			name = Debug;
		};
		48D025C018B614FB00F331AA /* Release */ = {
			isa = XCBuildConfiguration;
			buildSettings = {
				ARCHS = "$(ARCHS_STANDARD_INCLUDING_64_BIT)";
				BUNDLE_LOADER = "$(BUILT_PRODUCTS_DIR)/UICustomNavigationController.app/UICustomNavigationController";
				FRAMEWORK_SEARCH_PATHS = (
					"$(SDKROOT)/Developer/Library/Frameworks",
					"$(inherited)",
					"$(DEVELOPER_FRAMEWORKS_DIR)",
				);
				GCC_PRECOMPILE_PREFIX_HEADER = YES;
				GCC_PREFIX_HEADER = "UICustomNavigationController/UICustomNavigationController-Prefix.pch";
				INFOPLIST_FILE = "UICustomNavigationControllerTests/UICustomNavigationControllerTests-Info.plist";
				PRODUCT_NAME = "$(TARGET_NAME)";
				TEST_HOST = "$(BUNDLE_LOADER)";
				WRAPPER_EXTENSION = xctest;
			};
			name = Release;
		};
/* End XCBuildConfiguration section */

/* Begin XCConfigurationList section */
		48D0258A18B614FB00F331AA /* Build configuration list for PBXProject "UICustomNavigationController" */ = {
			isa = XCConfigurationList;
			buildConfigurations = (
				48D025B918B614FB00F331AA /* Debug */,
				48D025BA18B614FB00F331AA /* Release */,
			);
			defaultConfigurationIsVisible = 0;
			defaultConfigurationName = Release;
		};
		48D025BB18B614FB00F331AA /* Build configuration list for PBXNativeTarget "UICustomNavigationController" */ = {
			isa = XCConfigurationList;
			buildConfigurations = (
				48D025BC18B614FB00F331AA /* Debug */,
				48D025BD18B614FB00F331AA /* Release */,
			);
			defaultConfigurationIsVisible = 0;
			defaultConfigurationName = Release;
		};
		48D025BE18B614FB00F331AA /* Build configuration list for PBXNativeTarget "UICustomNavigationControllerTests" */ = {
			isa = XCConfigurationList;
			buildConfigurations = (
				48D025BF18B614FB00F331AA /* Debug */,
				48D025C018B614FB00F331AA /* Release */,
			);
			defaultConfigurationIsVisible = 0;
			defaultConfigurationName = Release;
		};
/* End XCConfigurationList section */
	};
	rootObject = 48D0258718B614FB00F331AA /* Project object */;
}
